
Microsoft Visual Studio Solution File, Format Version 12.00
# Visual Studio Version 17
VisualStudioVersion = 17.11.35312.102
MinimumVisualStudioVersion = 10.0.40219.1
Project("{FAE04EC0-301F-11D3-BF4B-00C04F79EFBC}") = "WilliamAlvarezFase3Grupo108", "WilliamAlvarezFase3Grupo108\WilliamAlvarezFase3Grupo108.csproj", "{87A3F43D-3188-4747-9DE5-FDE0C0E07FED}"
EndProject
Global
	GlobalSection(SolutionConfigurationPlatforms) = preSolution
		Debug|Any CPU = Debug|Any CPU
		Release|Any CPU = Release|Any CPU
	EndGlobalSection
	GlobalSection(ProjectConfigurationPlatforms) = postSolution
		{87A3F43D-3188-4747-9DE5-FDE0C0E07FED}.Debug|Any CPU.ActiveCfg = Debug|Any CPU
		{87A3F43D-3188-4747-9DE5-FDE0C0E07FED}.Debug|Any CPU.Build.0 = Debug|Any CPU
		{87A3F43D-3188-4747-9DE5-FDE0C0E07FED}.Release|Any CPU.ActiveCfg = Release|Any CPU
		{87A3F43D-3188-4747-9DE5-FDE0C0E07FED}.Release|Any CPU.Build.0 = Release|Any CPU
	EndGlobalSection
	GlobalSection(SolutionProperties) = preSolution
		HideSolutionNode = FALSE
	EndGlobalSection
	GlobalSection(ExtensibilityGlobals) = postSolution
		SolutionGuid = {0853585E-3E12-4A10-9DE4-0C3E05DE019B}
	EndGlobalSection
EndGlobal
